// !$*UTF8*$!
{
	archiveVersion = 1;
	classes = {
	};
	objectVersion = 56;
	objects = {

/* Begin PBXBuildFile section */
		ED9213162BA2FA9D0028CC9E /* EMTestAppApp.swift in Sources */ = {isa = PBXBuildFile; fileRef = ED9213152BA2FA9D0028CC9E /* EMTestAppApp.swift */; };
		ED92131A2BA2FA9E0028CC9E /* Assets.xcassets in Resources */ = {isa = PBXBuildFile; fileRef = ED9213192BA2FA9E0028CC9E /* Assets.xcassets */; };
		ED92131D2BA2FA9E0028CC9E /* Preview Assets.xcassets in Resources */ = {isa = PBXBuildFile; fileRef = ED92131C2BA2FA9E0028CC9E /* Preview Assets.xcassets */; };
		ED9213282BA32DE10028CC9E /* LoginView.swift in Sources */ = {isa = PBXBuildFile; fileRef = ED9213272BA32DE10028CC9E /* LoginView.swift */; };
		ED92132E2BA32E930028CC9E /* ResponsesView.swift in Sources */ = {isa = PBXBuildFile; fileRef = ED92132D2BA32E930028CC9E /* ResponsesView.swift */; };
		ED9213322BA32EB60028CC9E /* MessagesView.swift in Sources */ = {isa = PBXBuildFile; fileRef = ED9213312BA32EB60028CC9E /* MessagesView.swift */; };
		ED9213372BA32ED50028CC9E /* FavoritesView.swift in Sources */ = {isa = PBXBuildFile; fileRef = ED9213362BA32ED50028CC9E /* FavoritesView.swift */; };
		ED9213392BA32EE60028CC9E /* ProfileView.swift in Sources */ = {isa = PBXBuildFile; fileRef = ED9213382BA32EE60028CC9E /* ProfileView.swift */; };
/* End PBXBuildFile section */

/* Begin PBXFileReference section */
		ED9213122BA2FA9D0028CC9E /* EMTestApp.app */ = {isa = PBXFileReference; explicitFileType = wrapper.application; includeInIndex = 0; path = EMTestApp.app; sourceTree = BUILT_PRODUCTS_DIR; };
		ED9213152BA2FA9D0028CC9E /* EMTestAppApp.swift */ = {isa = PBXFileReference; lastKnownFileType = sourcecode.swift; path = EMTestAppApp.swift; sourceTree = "<group>"; };
		ED9213192BA2FA9E0028CC9E /* Assets.xcassets */ = {isa = PBXFileReference; lastKnownFileType = folder.assetcatalog; path = Assets.xcassets; sourceTree = "<group>"; };
		ED92131C2BA2FA9E0028CC9E /* Preview Assets.xcassets */ = {isa = PBXFileReference; lastKnownFileType = folder.assetcatalog; path = "Preview Assets.xcassets"; sourceTree = "<group>"; };
		ED9213272BA32DE10028CC9E /* LoginView.swift */ = {isa = PBXFileReference; lastKnownFileType = sourcecode.swift; path = LoginView.swift; sourceTree = "<group>"; };
		ED92132D2BA32E930028CC9E /* ResponsesView.swift */ = {isa = PBXFileReference; lastKnownFileType = sourcecode.swift; path = ResponsesView.swift; sourceTree = "<group>"; };
		ED9213312BA32EB60028CC9E /* MessagesView.swift */ = {isa = PBXFileReference; lastKnownFileType = sourcecode.swift; path = MessagesView.swift; sourceTree = "<group>"; };
		ED9213362BA32ED50028CC9E /* FavoritesView.swift */ = {isa = PBXFileReference; lastKnownFileType = sourcecode.swift; path = FavoritesView.swift; sourceTree = "<group>"; };
		ED9213382BA32EE60028CC9E /* ProfileView.swift */ = {isa = PBXFileReference; lastKnownFileType = sourcecode.swift; path = ProfileView.swift; sourceTree = "<group>"; };
/* End PBXFileReference section */

/* Begin PBXFrameworksBuildPhase section */
		ED92130F2BA2FA9D0028CC9E /* Frameworks */ = {
			isa = PBXFrameworksBuildPhase;
			buildActionMask = 2147483647;
			files = (
			);
			runOnlyForDeploymentPostprocessing = 0;
		};
/* End PBXFrameworksBuildPhase section */

/* Begin PBXGroup section */
		ED9213092BA2FA9D0028CC9E = {
			isa = PBXGroup;
			children = (
				ED9213142BA2FA9D0028CC9E /* EMTestApp */,
				ED9213132BA2FA9D0028CC9E /* Products */,
			);
			sourceTree = "<group>";
		};
		ED9213132BA2FA9D0028CC9E /* Products */ = {
			isa = PBXGroup;
			children = (
				ED9213122BA2FA9D0028CC9E /* EMTestApp.app */,
			);
			name = Products;
			sourceTree = "<group>";
		};
		ED9213142BA2FA9D0028CC9E /* EMTestApp */ = {
			isa = PBXGroup;
			children = (
				ED9213242BA32C6F0028CC9E /* Features */,
				ED9213192BA2FA9E0028CC9E /* Assets.xcassets */,
				ED9213152BA2FA9D0028CC9E /* EMTestAppApp.swift */,
				ED92131B2BA2FA9E0028CC9E /* Preview Content */,
			);
			path = EMTestApp;
			sourceTree = "<group>";
		};
		ED92131B2BA2FA9E0028CC9E /* Preview Content */ = {
			isa = PBXGroup;
			children = (
				ED92131C2BA2FA9E0028CC9E /* Preview Assets.xcassets */,
			);
			path = "Preview Content";
			sourceTree = "<group>";
		};
		ED9213242BA32C6F0028CC9E /* Features */ = {
			isa = PBXGroup;
			children = (
				ED9213252BA32C790028CC9E /* LoginUI */,
				ED92132A2BA32E280028CC9E /* ResponsesUI */,
				ED92132B2BA32E530028CC9E /* MessagesUI */,
				ED9213292BA32DE70028CC9E /* FavoritesUI */,
				ED92132C2BA32E5D0028CC9E /* ProfileUI */,
			);
			path = Features;
			sourceTree = "<group>";
		};
		ED9213252BA32C790028CC9E /* LoginUI */ = {
			isa = PBXGroup;
			children = (
				ED9213262BA32DBD0028CC9E /* View */,
			);
			name = LoginUI;
			sourceTree = "<group>";
		};
		ED9213262BA32DBD0028CC9E /* View */ = {
			isa = PBXGroup;
			children = (
				ED9213272BA32DE10028CC9E /* LoginView.swift */,
			);
			name = View;
			sourceTree = "<group>";
		};
		ED9213292BA32DE70028CC9E /* FavoritesUI */ = {
			isa = PBXGroup;
			children = (
				ED9213342BA32EC30028CC9E /* View */,
			);
			name = FavoritesUI;
			sourceTree = "<group>";
		};
		ED92132A2BA32E280028CC9E /* ResponsesUI */ = {
			isa = PBXGroup;
			children = (
				ED9213302BA32EAA0028CC9E /* View */,
			);
			name = ResponsesUI;
			sourceTree = "<group>";
		};
		ED92132B2BA32E530028CC9E /* MessagesUI */ = {
			isa = PBXGroup;
			children = (
				ED9213332BA32EB90028CC9E /* View */,
			);
			name = MessagesUI;
			sourceTree = "<group>";
		};
		ED92132C2BA32E5D0028CC9E /* ProfileUI */ = {
			isa = PBXGroup;
			children = (
				ED9213352BA32EC70028CC9E /* View */,
			);
			name = ProfileUI;
			sourceTree = "<group>";
		};
		ED9213302BA32EAA0028CC9E /* View */ = {
			isa = PBXGroup;
			children = (
				ED92132D2BA32E930028CC9E /* ResponsesView.swift */,
			);
			name = View;
			sourceTree = "<group>";
		};
		ED9213332BA32EB90028CC9E /* View */ = {
			isa = PBXGroup;
			children = (
				ED9213312BA32EB60028CC9E /* MessagesView.swift */,
			);
			name = View;
			sourceTree = "<group>";
		};
		ED9213342BA32EC30028CC9E /* View */ = {
			isa = PBXGroup;
			children = (
				ED9213362BA32ED50028CC9E /* FavoritesView.swift */,
			);
			name = View;
			sourceTree = "<group>";
		};
		ED9213352BA32EC70028CC9E /* View */ = {
			isa = PBXGroup;
			children = (
				ED9213382BA32EE60028CC9E /* ProfileView.swift */,
			);
			name = View;
			sourceTree = "<group>";
		};
/* End PBXGroup section */

/* Begin PBXNativeTarget section */
		ED9213112BA2FA9D0028CC9E /* EMTestApp */ = {
			isa = PBXNativeTarget;
			buildConfigurationList = ED9213202BA2FA9E0028CC9E /* Build configuration list for PBXNativeTarget "EMTestApp" */;
			buildPhases = (
				ED92130E2BA2FA9D0028CC9E /* Sources */,
				ED92130F2BA2FA9D0028CC9E /* Frameworks */,
				ED9213102BA2FA9D0028CC9E /* Resources */,
			);
			buildRules = (
			);
			dependencies = (
			);
			name = EMTestApp;
			productName = EMTestApp;
			productReference = ED9213122BA2FA9D0028CC9E /* EMTestApp.app */;
			productType = "com.apple.product-type.application";
		};
/* End PBXNativeTarget section */

/* Begin PBXProject section */
		ED92130A2BA2FA9D0028CC9E /* Project object */ = {
			isa = PBXProject;
			attributes = {
				BuildIndependentTargetsInParallel = 1;
				LastSwiftUpdateCheck = 1520;
				LastUpgradeCheck = 1520;
				TargetAttributes = {
					ED9213112BA2FA9D0028CC9E = {
						CreatedOnToolsVersion = 15.2;
					};
				};
			};
			buildConfigurationList = ED92130D2BA2FA9D0028CC9E /* Build configuration list for PBXProject "EMTestApp" */;
			compatibilityVersion = "Xcode 14.0";
			developmentRegion = en;
			hasScannedForEncodings = 0;
			knownRegions = (
				en,
				Base,
			);
			mainGroup = ED9213092BA2FA9D0028CC9E;
			productRefGroup = ED9213132BA2FA9D0028CC9E /* Products */;
			projectDirPath = "";
			projectRoot = "";
			targets = (
				ED9213112BA2FA9D0028CC9E /* EMTestApp */,
			);
		};
/* End PBXProject section */

/* Begin PBXResourcesBuildPhase section */
		ED9213102BA2FA9D0028CC9E /* Resources */ = {
			isa = PBXResourcesBuildPhase;
			buildActionMask = 2147483647;
			files = (
				ED92131D2BA2FA9E0028CC9E /* Preview Assets.xcassets in Resources */,
				ED92131A2BA2FA9E0028CC9E /* Assets.xcassets in Resources */,
			);
			runOnlyForDeploymentPostprocessing = 0;
		};
/* End PBXResourcesBuildPhase section */

/* Begin PBXSourcesBuildPhase section */
		ED92130E2BA2FA9D0028CC9E /* Sources */ = {
			isa = PBXSourcesBuildPhase;
			buildActionMask = 2147483647;
			files = (
				ED9213372BA32ED50028CC9E /* FavoritesView.swift in Sources */,
				ED9213322BA32EB60028CC9E /* MessagesView.swift in Sources */,
				ED92132E2BA32E930028CC9E /* ResponsesView.swift in Sources */,
				ED9213282BA32DE10028CC9E /* LoginView.swift in Sources */,
				ED9213392BA32EE60028CC9E /* ProfileView.swift in Sources */,
				ED9213162BA2FA9D0028CC9E /* EMTestAppApp.swift in Sources */,
			);
			runOnlyForDeploymentPostprocessing = 0;
		};
/* End PBXSourcesBuildPhase section */

/* Begin XCBuildConfiguration section */
		ED92131E2BA2FA9E0028CC9E /* Debug */ = {
			isa = XCBuildConfiguration;
			buildSettings = {
				ALWAYS_SEARCH_USER_PATHS = NO;
				ASSETCATALOG_COMPILER_GENERATE_SWIFT_ASSET_SYMBOL_EXTENSIONS = YES;
				CLANG_ANALYZER_NONNULL = YES;
				CLANG_ANALYZER_NUMBER_OBJECT_CONVERSION = YES_AGGRESSIVE;
				CLANG_CXX_LANGUAGE_STANDARD = "gnu++20";
				CLANG_ENABLE_MODULES = YES;
				CLANG_ENABLE_OBJC_ARC = YES;
				CLANG_ENABLE_OBJC_WEAK = YES;
				CLANG_WARN_BLOCK_CAPTURE_AUTORELEASING = YES;
				CLANG_WARN_BOOL_CONVERSION = YES;
				CLANG_WARN_COMMA = YES;
				CLANG_WARN_CONSTANT_CONVERSION = YES;
				CLANG_WARN_DEPRECATED_OBJC_IMPLEMENTATIONS = YES;
				CLANG_WARN_DIRECT_OBJC_ISA_USAGE = YES_ERROR;
				CLANG_WARN_DOCUMENTATION_COMMENTS = YES;
				CLANG_WARN_EMPTY_BODY = YES;
				CLANG_WARN_ENUM_CONVERSION = YES;
				CLANG_WARN_INFINITE_RECURSION = YES;
				CLANG_WARN_INT_CONVERSION = YES;
				CLANG_WARN_NON_LITERAL_NULL_CONVERSION = YES;
				CLANG_WARN_OBJC_IMPLICIT_RETAIN_SELF = YES;
				CLANG_WARN_OBJC_LITERAL_CONVERSION = YES;
				CLANG_WARN_OBJC_ROOT_CLASS = YES_ERROR;
				CLANG_WARN_QUOTED_INCLUDE_IN_FRAMEWORK_HEADER = YES;
				CLANG_WARN_RANGE_LOOP_ANALYSIS = YES;
				CLANG_WARN_STRICT_PROTOTYPES = YES;
				CLANG_WARN_SUSPICIOUS_MOVE = YES;
				CLANG_WARN_UNGUARDED_AVAILABILITY = YES_AGGRESSIVE;
				CLANG_WARN_UNREACHABLE_CODE = YES;
				CLANG_WARN__DUPLICATE_METHOD_MATCH = YES;
				COPY_PHASE_STRIP = NO;
				DEBUG_INFORMATION_FORMAT = dwarf;
				ENABLE_STRICT_OBJC_MSGSEND = YES;
				ENABLE_TESTABILITY = YES;
				ENABLE_USER_SCRIPT_SANDBOXING = YES;
				GCC_C_LANGUAGE_STANDARD = gnu17;
				GCC_DYNAMIC_NO_PIC = NO;
				GCC_NO_COMMON_BLOCKS = YES;
				GCC_OPTIMIZATION_LEVEL = 0;
				GCC_PREPROCESSOR_DEFINITIONS = (
					"DEBUG=1",
					"$(inherited)",
				);
				GCC_WARN_64_TO_32_BIT_CONVERSION = YES;
				GCC_WARN_ABOUT_RETURN_TYPE = YES_ERROR;
				GCC_WARN_UNDECLARED_SELECTOR = YES;
				GCC_WARN_UNINITIALIZED_AUTOS = YES_AGGRESSIVE;
				GCC_WARN_UNUSED_FUNCTION = YES;
				GCC_WARN_UNUSED_VARIABLE = YES;
				IPHONEOS_DEPLOYMENT_TARGET = 16.0;
				LOCALIZATION_PREFERS_STRING_CATALOGS = YES;
				MTL_ENABLE_DEBUG_INFO = INCLUDE_SOURCE;
				MTL_FAST_MATH = YES;
				ONLY_ACTIVE_ARCH = YES;
				SDKROOT = iphoneos;
				SWIFT_ACTIVE_COMPILATION_CONDITIONS = "DEBUG $(inherited)";
				SWIFT_OPTIMIZATION_LEVEL = "-Onone";
			};
			name = Debug;
		};
		ED92131F2BA2FA9E0028CC9E /* Release */ = {
			isa = XCBuildConfiguration;
			buildSettings = {
				ALWAYS_SEARCH_USER_PATHS = NO;
				ASSETCATALOG_COMPILER_GENERATE_SWIFT_ASSET_SYMBOL_EXTENSIONS = YES;
				CLANG_ANALYZER_NONNULL = YES;
				CLANG_ANALYZER_NUMBER_OBJECT_CONVERSION = YES_AGGRESSIVE;
				CLANG_CXX_LANGUAGE_STANDARD = "gnu++20";
				CLANG_ENABLE_MODULES = YES;
				CLANG_ENABLE_OBJC_ARC = YES;
				CLANG_ENABLE_OBJC_WEAK = YES;
				CLANG_WARN_BLOCK_CAPTURE_AUTORELEASING = YES;
				CLANG_WARN_BOOL_CONVERSION = YES;
				CLANG_WARN_COMMA = YES;
				CLANG_WARN_CONSTANT_CONVERSION = YES;
				CLANG_WARN_DEPRECATED_OBJC_IMPLEMENTATIONS = YES;
				CLANG_WARN_DIRECT_OBJC_ISA_USAGE = YES_ERROR;
				CLANG_WARN_DOCUMENTATION_COMMENTS = YES;
				CLANG_WARN_EMPTY_BODY = YES;
				CLANG_WARN_ENUM_CONVERSION = YES;
				CLANG_WARN_INFINITE_RECURSION = YES;
				CLANG_WARN_INT_CONVERSION = YES;
				CLANG_WARN_NON_LITERAL_NULL_CONVERSION = YES;
				CLANG_WARN_OBJC_IMPLICIT_RETAIN_SELF = YES;
				CLANG_WARN_OBJC_LITERAL_CONVERSION = YES;
				CLANG_WARN_OBJC_ROOT_CLASS = YES_ERROR;
				CLANG_WARN_QUOTED_INCLUDE_IN_FRAMEWORK_HEADER = YES;
				CLANG_WARN_RANGE_LOOP_ANALYSIS = YES;
				CLANG_WARN_STRICT_PROTOTYPES = YES;
				CLANG_WARN_SUSPICIOUS_MOVE = YES;
				CLANG_WARN_UNGUARDED_AVAILABILITY = YES_AGGRESSIVE;
				CLANG_WARN_UNREACHABLE_CODE = YES;
				CLANG_WARN__DUPLICATE_METHOD_MATCH = YES;
				COPY_PHASE_STRIP = NO;
				DEBUG_INFORMATION_FORMAT = "dwarf-with-dsym";
				ENABLE_NS_ASSERTIONS = NO;
				ENABLE_STRICT_OBJC_MSGSEND = YES;
				ENABLE_USER_SCRIPT_SANDBOXING = YES;
				GCC_C_LANGUAGE_STANDARD = gnu17;
				GCC_NO_COMMON_BLOCKS = YES;
				GCC_WARN_64_TO_32_BIT_CONVERSION = YES;
				GCC_WARN_ABOUT_RETURN_TYPE = YES_ERROR;
				GCC_WARN_UNDECLARED_SELECTOR = YES;
				GCC_WARN_UNINITIALIZED_AUTOS = YES_AGGRESSIVE;
				GCC_WARN_UNUSED_FUNCTION = YES;
				GCC_WARN_UNUSED_VARIABLE = YES;
				IPHONEOS_DEPLOYMENT_TARGET = 16.0;
				LOCALIZATION_PREFERS_STRING_CATALOGS = YES;
				MTL_ENABLE_DEBUG_INFO = NO;
				MTL_FAST_MATH = YES;
				SDKROOT = iphoneos;
				SWIFT_COMPILATION_MODE = wholemodule;
				VALIDATE_PRODUCT = YES;
			};
			name = Release;
		};
		ED9213212BA2FA9E0028CC9E /* Debug */ = {
			isa = XCBuildConfiguration;
			buildSettings = {
				ASSETCATALOG_COMPILER_APPICON_NAME = AppIcon;
				ASSETCATALOG_COMPILER_GLOBAL_ACCENT_COLOR_NAME = AccentColor;
				CODE_SIGN_STYLE = Automatic;
				CURRENT_PROJECT_VERSION = 1;
				DEVELOPMENT_ASSET_PATHS = "\"EMTestApp/Preview Content\"";
				DEVELOPMENT_TEAM = M92NK435W6;
				ENABLE_PREVIEWS = YES;
				GENERATE_INFOPLIST_FILE = YES;
				INFOPLIST_KEY_UIApplicationSceneManifest_Generation = YES;
				INFOPLIST_KEY_UIApplicationSupportsIndirectInputEvents = YES;
				INFOPLIST_KEY_UILaunchScreen_Generation = YES;
				INFOPLIST_KEY_UISupportedInterfaceOrientations_iPad = "UIInterfaceOrientationPortrait UIInterfaceOrientationPortraitUpsideDown UIInterfaceOrientationLandscapeLeft UIInterfaceOrientationLandscapeRight";
				INFOPLIST_KEY_UISupportedInterfaceOrientations_iPhone = "UIInterfaceOrientationPortrait UIInterfaceOrientationLandscapeLeft UIInterfaceOrientationLandscapeRight";
				LD_RUNPATH_SEARCH_PATHS = (
					"$(inherited)",
					"@executable_path/Frameworks",
				);
				MARKETING_VERSION = 1.0;
				PRODUCT_BUNDLE_IDENTIFIER = com.pavel.EMTestApp;
				PRODUCT_NAME = "$(TARGET_NAME)";
				SWIFT_EMIT_LOC_STRINGS = YES;
				SWIFT_VERSION = 5.0;
				TARGETED_DEVICE_FAMILY = "1,2";
			};
			name = Debug;
		};
		ED9213222BA2FA9E0028CC9E /* Release */ = {
			isa = XCBuildConfiguration;
			buildSettings = {
				ASSETCATALOG_COMPILER_APPICON_NAME = AppIcon;
				ASSETCATALOG_COMPILER_GLOBAL_ACCENT_COLOR_NAME = AccentColor;
				CODE_SIGN_STYLE = Automatic;
				CURRENT_PROJECT_VERSION = 1;
				DEVELOPMENT_ASSET_PATHS = "\"EMTestApp/Preview Content\"";
				DEVELOPMENT_TEAM = M92NK435W6;
				ENABLE_PREVIEWS = YES;
				GENERATE_INFOPLIST_FILE = YES;
				INFOPLIST_KEY_UIApplicationSceneManifest_Generation = YES;
				INFOPLIST_KEY_UIApplicationSupportsIndirectInputEvents = YES;
				INFOPLIST_KEY_UILaunchScreen_Generation = YES;
				INFOPLIST_KEY_UISupportedInterfaceOrientations_iPad = "UIInterfaceOrientationPortrait UIInterfaceOrientationPortraitUpsideDown UIInterfaceOrientationLandscapeLeft UIInterfaceOrientationLandscapeRight";
				INFOPLIST_KEY_UISupportedInterfaceOrientations_iPhone = "UIInterfaceOrientationPortrait UIInterfaceOrientationLandscapeLeft UIInterfaceOrientationLandscapeRight";
				LD_RUNPATH_SEARCH_PATHS = (
					"$(inherited)",
					"@executable_path/Frameworks",
				);
				MARKETING_VERSION = 1.0;
				PRODUCT_BUNDLE_IDENTIFIER = com.pavel.EMTestApp;
				PRODUCT_NAME = "$(TARGET_NAME)";
				SWIFT_EMIT_LOC_STRINGS = YES;
				SWIFT_VERSION = 5.0;
				TARGETED_DEVICE_FAMILY = "1,2";
			};
			name = Release;
		};
/* End XCBuildConfiguration section */

/* Begin XCConfigurationList section */
		ED92130D2BA2FA9D0028CC9E /* Build configuration list for PBXProject "EMTestApp" */ = {
			isa = XCConfigurationList;
			buildConfigurations = (
				ED92131E2BA2FA9E0028CC9E /* Debug */,
				ED92131F2BA2FA9E0028CC9E /* Release */,
			);
			defaultConfigurationIsVisible = 0;
			defaultConfigurationName = Release;
		};
		ED9213202BA2FA9E0028CC9E /* Build configuration list for PBXNativeTarget "EMTestApp" */ = {
			isa = XCConfigurationList;
			buildConfigurations = (
				ED9213212BA2FA9E0028CC9E /* Debug */,
				ED9213222BA2FA9E0028CC9E /* Release */,
			);
			defaultConfigurationIsVisible = 0;
			defaultConfigurationName = Release;
		};
/* End XCConfigurationList section */
	};
	rootObject = ED92130A2BA2FA9D0028CC9E /* Project object */;
}
